
Microsoft Visual Studio Solution File, Format Version 11.00
# Visual Studio 2012
Project("{FAE04EC0-301F-11D3-BF4B-00C04F79EFBC}") = "GitHub Tag Deployer", "GitHub Tag Deployer.csproj", "{032967D2-6910-4A8E-89E0-E83C1FD4A3DC}"
EndProject
Global
	GlobalSection(SolutionConfigurationPlatforms) = preSolution
		Debug|Any CPU = Debug|Any CPU
		Release|Any CPU = Release|Any CPU
	EndGlobalSection
	GlobalSection(ProjectConfigurationPlatforms) = postSolution
		{032967D2-6910-4A8E-89E0-E83C1FD4A3DC}.Debug|Any CPU.ActiveCfg = Debug|Any CPU
		{032967D2-6910-4A8E-89E0-E83C1FD4A3DC}.Debug|Any CPU.Build.0 = Debug|Any CPU
		{032967D2-6910-4A8E-89E0-E83C1FD4A3DC}.Release|Any CPU.ActiveCfg = Release|Any CPU
		{032967D2-6910-4A8E-89E0-E83C1FD4A3DC}.Release|Any CPU.Build.0 = Release|Any CPU
	EndGlobalSection
	GlobalSection(SolutionProperties) = preSolution
		HideSolutionNode = FALSE
	EndGlobalSection
EndGlobal
